{
  "name": "cspell-bitbucket-code-insights-reporter",
  "version": "1.0.0",
  "lockfileVersion": 3,
  "requires": true,
  "packages": {
    "": {
      "name": "cspell-bitbucket-code-insights-reporter",
      "version": "1.0.0",
      "license": "ISC",
      "dependencies": {
        "@cspell/cspell-types": "^8.17.3"
      }
    },
    "node_modules/@cspell/cspell-types": {
      "version": "8.17.3",
      "resolved": "https://registry.npmjs.org/@cspell/cspell-types/-/cspell-types-8.17.3.tgz",
      "integrity": "sha512-ozgeuSioX9z2wtlargfgdw3LKwDFAfm8gxu+xwNREvXiLsevb+lb7ZlY5/ay+MahqR5Hfs7XzYzBLTKL/ldn9g==",
      "license": "MIT",
      "engines": {
        "node": ">=18"
      }
    }
  }
}
